// !$*UTF8*$!
{
	archiveVersion = 1;
	classes = {
	};
	objectVersion = 56;
	objects = {

/* Begin PBXBuildFile section */
		6C7AEF702C85AB2D0048FC66 /* AppDelegate.swift in Sources */ = {isa = PBXBuildFile; fileRef = 6C7AEF6F2C85AB2D0048FC66 /* AppDelegate.swift */; };
		6C7AEF722C85AB2D0048FC66 /* SceneDelegate.swift in Sources */ = {isa = PBXBuildFile; fileRef = 6C7AEF712C85AB2D0048FC66 /* SceneDelegate.swift */; };
		6C7AEF742C85AB2D0048FC66 /* ListViewController.swift in Sources */ = {isa = PBXBuildFile; fileRef = 6C7AEF732C85AB2D0048FC66 /* ListViewController.swift */; };
		6C7AEF772C85AB2D0048FC66 /* Base in Resources */ = {isa = PBXBuildFile; fileRef = 6C7AEF762C85AB2D0048FC66 /* Base */; };
		6C7AEF792C85AB2D0048FC66 /* Assets.xcassets in Resources */ = {isa = PBXBuildFile; fileRef = 6C7AEF782C85AB2D0048FC66 /* Assets.xcassets */; };
		6C7AEF7C2C85AB2D0048FC66 /* Base in Resources */ = {isa = PBXBuildFile; fileRef = 6C7AEF7B2C85AB2D0048FC66 /* Base */; };
		6CB4C9952C86FE4500012323 /* Superheroes.swift in Sources */ = {isa = PBXBuildFile; fileRef = 6CB4C9942C86FE4500012323 /* Superheroes.swift */; };
		6CB4C9972C86FEC400012323 /* HeroAPIProvider.swift in Sources */ = {isa = PBXBuildFile; fileRef = 6CB4C9962C86FEC400012323 /* HeroAPIProvider.swift */; };
		6CB4C9992C87263F00012323 /* HeroViewCell.swift in Sources */ = {isa = PBXBuildFile; fileRef = 6CB4C9982C87263F00012323 /* HeroViewCell.swift */; };
		6CB4C99D2C872C7600012323 /* UIImageViewExtension.swift in Sources */ = {isa = PBXBuildFile; fileRef = 6CB4C99C2C872C7600012323 /* UIImageViewExtension.swift */; };
		6CF9633A2C8845C1000D9B0E /* DetailViewController.swift in Sources */ = {isa = PBXBuildFile; fileRef = 6CF963392C8845C1000D9B0E /* DetailViewController.swift */; };
/* End PBXBuildFile section */

/* Begin PBXFileReference section */
		6C7AEF6C2C85AB2D0048FC66 /* Superheroes_IOS.app */ = {isa = PBXFileReference; explicitFileType = wrapper.application; includeInIndex = 0; path = Superheroes_IOS.app; sourceTree = BUILT_PRODUCTS_DIR; };
		6C7AEF6F2C85AB2D0048FC66 /* AppDelegate.swift */ = {isa = PBXFileReference; lastKnownFileType = sourcecode.swift; path = AppDelegate.swift; sourceTree = "<group>"; };
		6C7AEF712C85AB2D0048FC66 /* SceneDelegate.swift */ = {isa = PBXFileReference; lastKnownFileType = sourcecode.swift; path = SceneDelegate.swift; sourceTree = "<group>"; };
		6C7AEF732C85AB2D0048FC66 /* ListViewController.swift */ = {isa = PBXFileReference; lastKnownFileType = sourcecode.swift; path = ListViewController.swift; sourceTree = "<group>"; };
		6C7AEF762C85AB2D0048FC66 /* Base */ = {isa = PBXFileReference; lastKnownFileType = file.storyboard; name = Base; path = Base.lproj/Main.storyboard; sourceTree = "<group>"; };
		6C7AEF782C85AB2D0048FC66 /* Assets.xcassets */ = {isa = PBXFileReference; lastKnownFileType = folder.assetcatalog; path = Assets.xcassets; sourceTree = "<group>"; };
		6C7AEF7B2C85AB2D0048FC66 /* Base */ = {isa = PBXFileReference; lastKnownFileType = file.storyboard; name = Base; path = Base.lproj/LaunchScreen.storyboard; sourceTree = "<group>"; };
		6C7AEF7D2C85AB2D0048FC66 /* Info.plist */ = {isa = PBXFileReference; lastKnownFileType = text.plist.xml; path = Info.plist; sourceTree = "<group>"; };
		6CB4C9942C86FE4500012323 /* Superheroes.swift */ = {isa = PBXFileReference; lastKnownFileType = sourcecode.swift; path = Superheroes.swift; sourceTree = "<group>"; };
		6CB4C9962C86FEC400012323 /* HeroAPIProvider.swift */ = {isa = PBXFileReference; lastKnownFileType = sourcecode.swift; path = HeroAPIProvider.swift; sourceTree = "<group>"; };
		6CB4C9982C87263F00012323 /* HeroViewCell.swift */ = {isa = PBXFileReference; lastKnownFileType = sourcecode.swift; path = HeroViewCell.swift; sourceTree = "<group>"; };
		6CB4C99C2C872C7600012323 /* UIImageViewExtension.swift */ = {isa = PBXFileReference; lastKnownFileType = sourcecode.swift; path = UIImageViewExtension.swift; sourceTree = "<group>"; };
		6CF963392C8845C1000D9B0E /* DetailViewController.swift */ = {isa = PBXFileReference; lastKnownFileType = sourcecode.swift; path = DetailViewController.swift; sourceTree = "<group>"; };
/* End PBXFileReference section */

/* Begin PBXFrameworksBuildPhase section */
		6C7AEF692C85AB2D0048FC66 /* Frameworks */ = {
			isa = PBXFrameworksBuildPhase;
			buildActionMask = 2147483647;
			files = (
			);
			runOnlyForDeploymentPostprocessing = 0;
		};
/* End PBXFrameworksBuildPhase section */

/* Begin PBXGroup section */
		6C7AEF632C85AB2D0048FC66 = {
			isa = PBXGroup;
			children = (
				6C7AEF6E2C85AB2D0048FC66 /* Superheroes_IOS */,
				6C7AEF6D2C85AB2D0048FC66 /* Products */,
			);
			sourceTree = "<group>";
		};
		6C7AEF6D2C85AB2D0048FC66 /* Products */ = {
			isa = PBXGroup;
			children = (
				6C7AEF6C2C85AB2D0048FC66 /* Superheroes_IOS.app */,
			);
			name = Products;
			sourceTree = "<group>";
		};
		6C7AEF6E2C85AB2D0048FC66 /* Superheroes_IOS */ = {
			isa = PBXGroup;
			children = (
				6C7AEF872C85DD990048FC66 /* Utils */,
				6C7AEF862C85DD8E0048FC66 /* Provider */,
				6C7AEF852C85DD840048FC66 /* Data */,
				6C7AEF842C85DD7A0048FC66 /* Views */,
				6C7AEF832C85DD3E0048FC66 /* Controllers */,
				6C7AEF6F2C85AB2D0048FC66 /* AppDelegate.swift */,
				6C7AEF712C85AB2D0048FC66 /* SceneDelegate.swift */,
				6C7AEF782C85AB2D0048FC66 /* Assets.xcassets */,
				6C7AEF7A2C85AB2D0048FC66 /* LaunchScreen.storyboard */,
				6C7AEF7D2C85AB2D0048FC66 /* Info.plist */,
			);
			path = Superheroes_IOS;
			sourceTree = "<group>";
		};
		6C7AEF832C85DD3E0048FC66 /* Controllers */ = {
			isa = PBXGroup;
			children = (
				6C7AEF732C85AB2D0048FC66 /* ListViewController.swift */,
				6CB4C9982C87263F00012323 /* HeroViewCell.swift */,
				6CF963392C8845C1000D9B0E /* DetailViewController.swift */,
			);
			path = Controllers;
			sourceTree = "<group>";
		};
		6C7AEF842C85DD7A0048FC66 /* Views */ = {
			isa = PBXGroup;
			children = (
				6C7AEF752C85AB2D0048FC66 /* Main.storyboard */,
			);
			path = Views;
			sourceTree = "<group>";
		};
		6C7AEF852C85DD840048FC66 /* Data */ = {
			isa = PBXGroup;
			children = (
				6CB4C9942C86FE4500012323 /* Superheroes.swift */,
			);
			path = Data;
			sourceTree = "<group>";
		};
		6C7AEF862C85DD8E0048FC66 /* Provider */ = {
			isa = PBXGroup;
			children = (
				6CB4C9962C86FEC400012323 /* HeroAPIProvider.swift */,
			);
			path = Provider;
			sourceTree = "<group>";
		};
		6C7AEF872C85DD990048FC66 /* Utils */ = {
			isa = PBXGroup;
			children = (
				6CB4C99C2C872C7600012323 /* UIImageViewExtension.swift */,
			);
			path = Utils;
			sourceTree = "<group>";
		};
/* End PBXGroup section */

/* Begin PBXNativeTarget section */
		6C7AEF6B2C85AB2D0048FC66 /* Superheroes_IOS */ = {
			isa = PBXNativeTarget;
			buildConfigurationList = 6C7AEF802C85AB2D0048FC66 /* Build configuration list for PBXNativeTarget "Superheroes_IOS" */;
			buildPhases = (
				6C7AEF682C85AB2D0048FC66 /* Sources */,
				6C7AEF692C85AB2D0048FC66 /* Frameworks */,
				6C7AEF6A2C85AB2D0048FC66 /* Resources */,
			);
			buildRules = (
			);
			dependencies = (
			);
			name = Superheroes_IOS;
			productName = Superheroes_IOS;
			productReference = 6C7AEF6C2C85AB2D0048FC66 /* Superheroes_IOS.app */;
			productType = "com.apple.product-type.application";
		};
/* End PBXNativeTarget section */

/* Begin PBXProject section */
		6C7AEF642C85AB2D0048FC66 /* Project object */ = {
			isa = PBXProject;
			attributes = {
				BuildIndependentTargetsInParallel = 1;
				LastSwiftUpdateCheck = 1530;
				LastUpgradeCheck = 1530;
				TargetAttributes = {
					6C7AEF6B2C85AB2D0048FC66 = {
						CreatedOnToolsVersion = 15.3;
					};
				};
			};
			buildConfigurationList = 6C7AEF672C85AB2D0048FC66 /* Build configuration list for PBXProject "Superheroes_IOS" */;
			compatibilityVersion = "Xcode 14.0";
			developmentRegion = en;
			hasScannedForEncodings = 0;
			knownRegions = (
				en,
				Base,
			);
			mainGroup = 6C7AEF632C85AB2D0048FC66;
			productRefGroup = 6C7AEF6D2C85AB2D0048FC66 /* Products */;
			projectDirPath = "";
			projectRoot = "";
			targets = (
				6C7AEF6B2C85AB2D0048FC66 /* Superheroes_IOS */,
			);
		};
/* End PBXProject section */

/* Begin PBXResourcesBuildPhase section */
		6C7AEF6A2C85AB2D0048FC66 /* Resources */ = {
			isa = PBXResourcesBuildPhase;
			buildActionMask = 2147483647;
			files = (
				6C7AEF792C85AB2D0048FC66 /* Assets.xcassets in Resources */,
				6C7AEF7C2C85AB2D0048FC66 /* Base in Resources */,
				6C7AEF772C85AB2D0048FC66 /* Base in Resources */,
			);
			runOnlyForDeploymentPostprocessing = 0;
		};
/* End PBXResourcesBuildPhase section */

/* Begin PBXSourcesBuildPhase section */
		6C7AEF682C85AB2D0048FC66 /* Sources */ = {
			isa = PBXSourcesBuildPhase;
			buildActionMask = 2147483647;
			files = (
				6CB4C9952C86FE4500012323 /* Superheroes.swift in Sources */,
				6CB4C99D2C872C7600012323 /* UIImageViewExtension.swift in Sources */,
				6CB4C9972C86FEC400012323 /* HeroAPIProvider.swift in Sources */,
				6C7AEF742C85AB2D0048FC66 /* ListViewController.swift in Sources */,
				6C7AEF702C85AB2D0048FC66 /* AppDelegate.swift in Sources */,
				6CB4C9992C87263F00012323 /* HeroViewCell.swift in Sources */,
				6C7AEF722C85AB2D0048FC66 /* SceneDelegate.swift in Sources */,
				6CF9633A2C8845C1000D9B0E /* DetailViewController.swift in Sources */,
			);
			runOnlyForDeploymentPostprocessing = 0;
		};
/* End PBXSourcesBuildPhase section */

/* Begin PBXVariantGroup section */
		6C7AEF752C85AB2D0048FC66 /* Main.storyboard */ = {
			isa = PBXVariantGroup;
			children = (
				6C7AEF762C85AB2D0048FC66 /* Base */,
			);
			name = Main.storyboard;
			sourceTree = "<group>";
		};
		6C7AEF7A2C85AB2D0048FC66 /* LaunchScreen.storyboard */ = {
			isa = PBXVariantGroup;
			children = (
				6C7AEF7B2C85AB2D0048FC66 /* Base */,
			);
			name = LaunchScreen.storyboard;
			sourceTree = "<group>";
		};
/* End PBXVariantGroup section */

/* Begin XCBuildConfiguration section */
		6C7AEF7E2C85AB2D0048FC66 /* Debug */ = {
			isa = XCBuildConfiguration;
			buildSettings = {
				ALWAYS_SEARCH_USER_PATHS = NO;
				ASSETCATALOG_COMPILER_GENERATE_SWIFT_ASSET_SYMBOL_EXTENSIONS = YES;
				CLANG_ANALYZER_NONNULL = YES;
				CLANG_ANALYZER_NUMBER_OBJECT_CONVERSION = YES_AGGRESSIVE;
				CLANG_CXX_LANGUAGE_STANDARD = "gnu++20";
				CLANG_ENABLE_MODULES = YES;
				CLANG_ENABLE_OBJC_ARC = YES;
				CLANG_ENABLE_OBJC_WEAK = YES;
				CLANG_WARN_BLOCK_CAPTURE_AUTORELEASING = YES;
				CLANG_WARN_BOOL_CONVERSION = YES;
				CLANG_WARN_COMMA = YES;
				CLANG_WARN_CONSTANT_CONVERSION = YES;
				CLANG_WARN_DEPRECATED_OBJC_IMPLEMENTATIONS = YES;
				CLANG_WARN_DIRECT_OBJC_ISA_USAGE = YES_ERROR;
				CLANG_WARN_DOCUMENTATION_COMMENTS = YES;
				CLANG_WARN_EMPTY_BODY = YES;
				CLANG_WARN_ENUM_CONVERSION = YES;
				CLANG_WARN_INFINITE_RECURSION = YES;
				CLANG_WARN_INT_CONVERSION = YES;
				CLANG_WARN_NON_LITERAL_NULL_CONVERSION = YES;
				CLANG_WARN_OBJC_IMPLICIT_RETAIN_SELF = YES;
				CLANG_WARN_OBJC_LITERAL_CONVERSION = YES;
				CLANG_WARN_OBJC_ROOT_CLASS = YES_ERROR;
				CLANG_WARN_QUOTED_INCLUDE_IN_FRAMEWORK_HEADER = YES;
				CLANG_WARN_RANGE_LOOP_ANALYSIS = YES;
				CLANG_WARN_STRICT_PROTOTYPES = YES;
				CLANG_WARN_SUSPICIOUS_MOVE = YES;
				CLANG_WARN_UNGUARDED_AVAILABILITY = YES_AGGRESSIVE;
				CLANG_WARN_UNREACHABLE_CODE = YES;
				CLANG_WARN__DUPLICATE_METHOD_MATCH = YES;
				COPY_PHASE_STRIP = NO;
				DEBUG_INFORMATION_FORMAT = dwarf;
				ENABLE_STRICT_OBJC_MSGSEND = YES;
				ENABLE_TESTABILITY = YES;
				ENABLE_USER_SCRIPT_SANDBOXING = YES;
				GCC_C_LANGUAGE_STANDARD = gnu17;
				GCC_DYNAMIC_NO_PIC = NO;
				GCC_NO_COMMON_BLOCKS = YES;
				GCC_OPTIMIZATION_LEVEL = 0;
				GCC_PREPROCESSOR_DEFINITIONS = (
					"DEBUG=1",
					"$(inherited)",
				);
				GCC_WARN_64_TO_32_BIT_CONVERSION = YES;
				GCC_WARN_ABOUT_RETURN_TYPE = YES_ERROR;
				GCC_WARN_UNDECLARED_SELECTOR = YES;
				GCC_WARN_UNINITIALIZED_AUTOS = YES_AGGRESSIVE;
				GCC_WARN_UNUSED_FUNCTION = YES;
				GCC_WARN_UNUSED_VARIABLE = YES;
				IPHONEOS_DEPLOYMENT_TARGET = 17.4;
				LOCALIZATION_PREFERS_STRING_CATALOGS = YES;
				MTL_ENABLE_DEBUG_INFO = INCLUDE_SOURCE;
				MTL_FAST_MATH = YES;
				ONLY_ACTIVE_ARCH = YES;
				SDKROOT = iphoneos;
				SWIFT_ACTIVE_COMPILATION_CONDITIONS = "DEBUG $(inherited)";
				SWIFT_OPTIMIZATION_LEVEL = "-Onone";
			};
			name = Debug;
		};
		6C7AEF7F2C85AB2D0048FC66 /* Release */ = {
			isa = XCBuildConfiguration;
			buildSettings = {
				ALWAYS_SEARCH_USER_PATHS = NO;
				ASSETCATALOG_COMPILER_GENERATE_SWIFT_ASSET_SYMBOL_EXTENSIONS = YES;
				CLANG_ANALYZER_NONNULL = YES;
				CLANG_ANALYZER_NUMBER_OBJECT_CONVERSION = YES_AGGRESSIVE;
				CLANG_CXX_LANGUAGE_STANDARD = "gnu++20";
				CLANG_ENABLE_MODULES = YES;
				CLANG_ENABLE_OBJC_ARC = YES;
				CLANG_ENABLE_OBJC_WEAK = YES;
				CLANG_WARN_BLOCK_CAPTURE_AUTORELEASING = YES;
				CLANG_WARN_BOOL_CONVERSION = YES;
				CLANG_WARN_COMMA = YES;
				CLANG_WARN_CONSTANT_CONVERSION = YES;
				CLANG_WARN_DEPRECATED_OBJC_IMPLEMENTATIONS = YES;
				CLANG_WARN_DIRECT_OBJC_ISA_USAGE = YES_ERROR;
				CLANG_WARN_DOCUMENTATION_COMMENTS = YES;
				CLANG_WARN_EMPTY_BODY = YES;
				CLANG_WARN_ENUM_CONVERSION = YES;
				CLANG_WARN_INFINITE_RECURSION = YES;
				CLANG_WARN_INT_CONVERSION = YES;
				CLANG_WARN_NON_LITERAL_NULL_CONVERSION = YES;
				CLANG_WARN_OBJC_IMPLICIT_RETAIN_SELF = YES;
				CLANG_WARN_OBJC_LITERAL_CONVERSION = YES;
				CLANG_WARN_OBJC_ROOT_CLASS = YES_ERROR;
				CLANG_WARN_QUOTED_INCLUDE_IN_FRAMEWORK_HEADER = YES;
				CLANG_WARN_RANGE_LOOP_ANALYSIS = YES;
				CLANG_WARN_STRICT_PROTOTYPES = YES;
				CLANG_WARN_SUSPICIOUS_MOVE = YES;
				CLANG_WARN_UNGUARDED_AVAILABILITY = YES_AGGRESSIVE;
				CLANG_WARN_UNREACHABLE_CODE = YES;
				CLANG_WARN__DUPLICATE_METHOD_MATCH = YES;
				COPY_PHASE_STRIP = NO;
				DEBUG_INFORMATION_FORMAT = "dwarf-with-dsym";
				ENABLE_NS_ASSERTIONS = NO;
				ENABLE_STRICT_OBJC_MSGSEND = YES;
				ENABLE_USER_SCRIPT_SANDBOXING = YES;
				GCC_C_LANGUAGE_STANDARD = gnu17;
				GCC_NO_COMMON_BLOCKS = YES;
				GCC_WARN_64_TO_32_BIT_CONVERSION = YES;
				GCC_WARN_ABOUT_RETURN_TYPE = YES_ERROR;
				GCC_WARN_UNDECLARED_SELECTOR = YES;
				GCC_WARN_UNINITIALIZED_AUTOS = YES_AGGRESSIVE;
				GCC_WARN_UNUSED_FUNCTION = YES;
				GCC_WARN_UNUSED_VARIABLE = YES;
				IPHONEOS_DEPLOYMENT_TARGET = 17.4;
				LOCALIZATION_PREFERS_STRING_CATALOGS = YES;
				MTL_ENABLE_DEBUG_INFO = NO;
				MTL_FAST_MATH = YES;
				SDKROOT = iphoneos;
				SWIFT_COMPILATION_MODE = wholemodule;
				VALIDATE_PRODUCT = YES;
			};
			name = Release;
		};
		6C7AEF812C85AB2D0048FC66 /* Debug */ = {
			isa = XCBuildConfiguration;
			buildSettings = {
				ASSETCATALOG_COMPILER_APPICON_NAME = AppIcon;
				ASSETCATALOG_COMPILER_GLOBAL_ACCENT_COLOR_NAME = AccentColor;
				CODE_SIGN_STYLE = Automatic;
				CURRENT_PROJECT_VERSION = 1;
				GENERATE_INFOPLIST_FILE = YES;
				INFOPLIST_FILE = Superheroes_IOS/Info.plist;
				INFOPLIST_KEY_UIApplicationSupportsIndirectInputEvents = YES;
				INFOPLIST_KEY_UILaunchStoryboardName = LaunchScreen;
				INFOPLIST_KEY_UIMainStoryboardFile = Main;
				INFOPLIST_KEY_UISupportedInterfaceOrientations_iPad = "UIInterfaceOrientationPortrait UIInterfaceOrientationPortraitUpsideDown UIInterfaceOrientationLandscapeLeft UIInterfaceOrientationLandscapeRight";
				INFOPLIST_KEY_UISupportedInterfaceOrientations_iPhone = "UIInterfaceOrientationPortrait UIInterfaceOrientationLandscapeLeft UIInterfaceOrientationLandscapeRight";
				LD_RUNPATH_SEARCH_PATHS = (
					"$(inherited)",
					"@executable_path/Frameworks",
				);
				MARKETING_VERSION = 1.0;
				PRODUCT_BUNDLE_IDENTIFIER = "com.odearmas.Superheroes-IOS";
				PRODUCT_NAME = "$(TARGET_NAME)";
				SWIFT_EMIT_LOC_STRINGS = YES;
				SWIFT_VERSION = 5.0;
				TARGETED_DEVICE_FAMILY = "1,2";
			};
			name = Debug;
		};
		6C7AEF822C85AB2D0048FC66 /* Release */ = {
			isa = XCBuildConfiguration;
			buildSettings = {
				ASSETCATALOG_COMPILER_APPICON_NAME = AppIcon;
				ASSETCATALOG_COMPILER_GLOBAL_ACCENT_COLOR_NAME = AccentColor;
				CODE_SIGN_STYLE = Automatic;
				CURRENT_PROJECT_VERSION = 1;
				GENERATE_INFOPLIST_FILE = YES;
				INFOPLIST_FILE = Superheroes_IOS/Info.plist;
				INFOPLIST_KEY_UIApplicationSupportsIndirectInputEvents = YES;
				INFOPLIST_KEY_UILaunchStoryboardName = LaunchScreen;
				INFOPLIST_KEY_UIMainStoryboardFile = Main;
				INFOPLIST_KEY_UISupportedInterfaceOrientations_iPad = "UIInterfaceOrientationPortrait UIInterfaceOrientationPortraitUpsideDown UIInterfaceOrientationLandscapeLeft UIInterfaceOrientationLandscapeRight";
				INFOPLIST_KEY_UISupportedInterfaceOrientations_iPhone = "UIInterfaceOrientationPortrait UIInterfaceOrientationLandscapeLeft UIInterfaceOrientationLandscapeRight";
				LD_RUNPATH_SEARCH_PATHS = (
					"$(inherited)",
					"@executable_path/Frameworks",
				);
				MARKETING_VERSION = 1.0;
				PRODUCT_BUNDLE_IDENTIFIER = "com.odearmas.Superheroes-IOS";
				PRODUCT_NAME = "$(TARGET_NAME)";
				SWIFT_EMIT_LOC_STRINGS = YES;
				SWIFT_VERSION = 5.0;
				TARGETED_DEVICE_FAMILY = "1,2";
			};
			name = Release;
		};
/* End XCBuildConfiguration section */

/* Begin XCConfigurationList section */
		6C7AEF672C85AB2D0048FC66 /* Build configuration list for PBXProject "Superheroes_IOS" */ = {
			isa = XCConfigurationList;
			buildConfigurations = (
				6C7AEF7E2C85AB2D0048FC66 /* Debug */,
				6C7AEF7F2C85AB2D0048FC66 /* Release */,
			);
			defaultConfigurationIsVisible = 0;
			defaultConfigurationName = Release;
		};
		6C7AEF802C85AB2D0048FC66 /* Build configuration list for PBXNativeTarget "Superheroes_IOS" */ = {
			isa = XCConfigurationList;
			buildConfigurations = (
				6C7AEF812C85AB2D0048FC66 /* Debug */,
				6C7AEF822C85AB2D0048FC66 /* Release */,
			);
			defaultConfigurationIsVisible = 0;
			defaultConfigurationName = Release;
		};
/* End XCConfigurationList section */
	};
	rootObject = 6C7AEF642C85AB2D0048FC66 /* Project object */;
}
